
Microsoft Visual Studio Solution File, Format Version 12.00
# Visual Studio Version 17
VisualStudioVersion = 17.4.33205.214
MinimumVisualStudioVersion = 10.0.40219.1
Project("{8BC9CEB8-8B4A-11D0-8D11-00A0C91BC942}") = "ArrayWelcomeProject", "ArrayWelcomeProject\ArrayWelcomeProject.vcxproj", "{A3827854-F97E-4D15-9747-245F28F95151}"
EndProject
Global
	GlobalSection(SolutionConfigurationPlatforms) = preSolution
		Debug|x64 = Debug|x64
		Debug|x86 = Debug|x86
		Release|x64 = Release|x64
		Release|x86 = Release|x86
	EndGlobalSection
	GlobalSection(ProjectConfigurationPlatforms) = postSolution
		{A3827854-F97E-4D15-9747-245F28F95151}.Debug|x64.ActiveCfg = Debug|x64
		{A3827854-F97E-4D15-9747-245F28F95151}.Debug|x64.Build.0 = Debug|x64
		{A3827854-F97E-4D15-9747-245F28F95151}.Debug|x86.ActiveCfg = Debug|Win32
		{A3827854-F97E-4D15-9747-245F28F95151}.Debug|x86.Build.0 = Debug|Win32
		{A3827854-F97E-4D15-9747-245F28F95151}.Release|x64.ActiveCfg = Release|x64
		{A3827854-F97E-4D15-9747-245F28F95151}.Release|x64.Build.0 = Release|x64
		{A3827854-F97E-4D15-9747-245F28F95151}.Release|x86.ActiveCfg = Release|Win32
		{A3827854-F97E-4D15-9747-245F28F95151}.Release|x86.Build.0 = Release|Win32
	EndGlobalSection
	GlobalSection(SolutionProperties) = preSolution
		HideSolutionNode = FALSE
	EndGlobalSection
	GlobalSection(ExtensibilityGlobals) = postSolution
		SolutionGuid = {19B81992-CA61-4995-8445-76A921D29D41}
	EndGlobalSection
EndGlobal
